
Microsoft Visual Studio Solution File, Format Version 12.00
# Visual Studio Version 16
VisualStudioVersion = 16.0.29418.71
MinimumVisualStudioVersion = 10.0.40219.1
Project("{FAE04EC0-301F-11D3-BF4B-00C04F79EFBC}") = "TimeclockTracker", "TimeclockTracker\TimeclockTracker.csproj", "{A91E2A2F-F7FB-412C-816B-EF8CC1A550D3}"
EndProject
Global
	GlobalSection(SolutionConfigurationPlatforms) = preSolution
		Debug|Any CPU = Debug|Any CPU
		Release|Any CPU = Release|Any CPU
	EndGlobalSection
	GlobalSection(ProjectConfigurationPlatforms) = postSolution
		{A91E2A2F-F7FB-412C-816B-EF8CC1A550D3}.Debug|Any CPU.ActiveCfg = Debug|Any CPU
		{A91E2A2F-F7FB-412C-816B-EF8CC1A550D3}.Debug|Any CPU.Build.0 = Debug|Any CPU
		{A91E2A2F-F7FB-412C-816B-EF8CC1A550D3}.Release|Any CPU.ActiveCfg = Release|Any CPU
		{A91E2A2F-F7FB-412C-816B-EF8CC1A550D3}.Release|Any CPU.Build.0 = Release|Any CPU
	EndGlobalSection
	GlobalSection(SolutionProperties) = preSolution
		HideSolutionNode = FALSE
	EndGlobalSection
	GlobalSection(ExtensibilityGlobals) = postSolution
		SolutionGuid = {65C474A0-CEC5-47C8-A2CB-CC3CD9A09C81}
	EndGlobalSection
EndGlobal
